dependencies:
- name: asya-operator
  repository: file://../asya-operator
  version: 0.4.0
- name: asya-crew
  repository: file://../asya-crew
  version: 0.4.0
- name: asya-gateway
  repository: file://../asya-gateway
  version: 0.4.0
digest: sha256:e9eab85f18c1e6309f6cd9540dbf32a41eafd2cbd590424098f2b37ab7b828be
generated: "2026-02-03T11:45:06.980885356Z"
