dependencies:
- name: asya-operator
  repository: file://../asya-operator
  version: 0.1.0
- name: asya-crew
  repository: file://../asya-crew
  version: 0.4.0
- name: asya-gateway
  repository: file://../asya-gateway
  version: 0.1.0
digest: sha256:30698d035e2341338a074982131fbd7986cf2e667c4f81817262cf01e50ee843
generated: "2026-02-02T16:07:31.229008608Z"
