dependencies:
- name: keda
  repository: https://kedacore.github.io/charts
  version: 2.19.0
- name: asya-operator
  repository: https://asya.sh/charts
  version: 0.4.1
- name: asya-crew
  repository: https://asya.sh/charts
  version: 0.4.1
- name: asya-gateway
  repository: https://asya.sh/charts
  version: 0.4.1
digest: sha256:bd749ba96b8bf015442955e8399bb513d6eff0959ff9fb87d2426d0d4d27cd88
generated: "2026-02-03T13:22:10.314407472Z"
