dependencies:
- name: asya-crossplane
  repository: https://asya.sh/charts
  version: 0.5.13
- name: asya-crew
  repository: https://asya.sh/charts
  version: 0.5.13
- name: asya-gateway
  repository: https://asya.sh/charts
  version: 0.5.13
- name: kube-prometheus-stack
  repository: https://prometheus-community.github.io/helm-charts
  version: 82.13.6
- name: tempo
  repository: https://grafana.github.io/helm-charts
  version: 1.24.4
digest: sha256:e322f6afe521cd82e33768eb5cf7442434e9b1467b3c631b8a0d8017a85566d3
generated: "2026-03-24T00:28:11.712793274Z"
